
Microsoft Visual Studio Solution File, Format Version 12.00
# Visual Studio 15
Project("{FAE04EC0-301F-11D3-BF4B-00C04F79EFBC}") = "Assembly-CSharp", "Assembly-CSharp.csproj", "{A223170C-F052-CF11-D963-D2D45A3ECE8C}"
EndProject
Project("{FAE04EC0-301F-11D3-BF4B-00C04F79EFBC}") = "Assembly-CSharp-firstpass", "Assembly-CSharp-firstpass.csproj", "{929CD3A9-9B07-1A48-9D61-BDBAEC027709}"
EndProject
Global
	GlobalSection(SolutionConfigurationPlatforms) = preSolution
		Debug|Any CPU = Debug|Any CPU
		Release|Any CPU = Release|Any CPU
	EndGlobalSection
	GlobalSection(ProjectConfigurationPlatforms) = postSolution
		{A223170C-F052-CF11-D963-D2D45A3ECE8C}.Debug|Any CPU.ActiveCfg = Debug|Any CPU
		{A223170C-F052-CF11-D963-D2D45A3ECE8C}.Debug|Any CPU.Build.0 = Debug|Any CPU
		{A223170C-F052-CF11-D963-D2D45A3ECE8C}.Release|Any CPU.ActiveCfg = Release|Any CPU
		{A223170C-F052-CF11-D963-D2D45A3ECE8C}.Release|Any CPU.Build.0 = Release|Any CPU
		{929CD3A9-9B07-1A48-9D61-BDBAEC027709}.Debug|Any CPU.ActiveCfg = Debug|Any CPU
		{929CD3A9-9B07-1A48-9D61-BDBAEC027709}.Debug|Any CPU.Build.0 = Debug|Any CPU
		{929CD3A9-9B07-1A48-9D61-BDBAEC027709}.Release|Any CPU.ActiveCfg = Release|Any CPU
		{929CD3A9-9B07-1A48-9D61-BDBAEC027709}.Release|Any CPU.Build.0 = Release|Any CPU
	EndGlobalSection
	GlobalSection(SolutionProperties) = preSolution
		HideSolutionNode = FALSE
	EndGlobalSection
EndGlobal
